
Microsoft Visual Studio Solution File, Format Version 12.00
# Visual Studio 15
VisualStudioVersion = 15.0.28307.539
MinimumVisualStudioVersion = 10.0.40219.1
Project("{FAE04EC0-301F-11D3-BF4B-00C04F79EFBC}") = "Crazy8ServiceHost", "Crazy8ServiceHost\Crazy8ServiceHost.csproj", "{8C557373-EB62-4E07-A00A-216369D3762A}"
EndProject
Project("{FAE04EC0-301F-11D3-BF4B-00C04F79EFBC}") = "Crazy8", "Crazy8\Crazy8.csproj", "{194459A7-BD0A-47C9-90BF-F4A7F2F8CDA0}"
EndProject
Project("{FAE04EC0-301F-11D3-BF4B-00C04F79EFBC}") = "Crazy8Library", "Crazy8Library\Crazy8Library.csproj", "{E4DD5340-6986-447A-BD19-CECF9C6F8494}"
EndProject
Global
	GlobalSection(SolutionConfigurationPlatforms) = preSolution
		Debug|Any CPU = Debug|Any CPU
		Release|Any CPU = Release|Any CPU
	EndGlobalSection
	GlobalSection(ProjectConfigurationPlatforms) = postSolution
		{8C557373-EB62-4E07-A00A-216369D3762A}.Debug|Any CPU.ActiveCfg = Debug|Any CPU
		{8C557373-EB62-4E07-A00A-216369D3762A}.Debug|Any CPU.Build.0 = Debug|Any CPU
		{8C557373-EB62-4E07-A00A-216369D3762A}.Release|Any CPU.ActiveCfg = Release|Any CPU
		{8C557373-EB62-4E07-A00A-216369D3762A}.Release|Any CPU.Build.0 = Release|Any CPU
		{194459A7-BD0A-47C9-90BF-F4A7F2F8CDA0}.Debug|Any CPU.ActiveCfg = Debug|Any CPU
		{194459A7-BD0A-47C9-90BF-F4A7F2F8CDA0}.Debug|Any CPU.Build.0 = Debug|Any CPU
		{194459A7-BD0A-47C9-90BF-F4A7F2F8CDA0}.Release|Any CPU.ActiveCfg = Release|Any CPU
		{194459A7-BD0A-47C9-90BF-F4A7F2F8CDA0}.Release|Any CPU.Build.0 = Release|Any CPU
		{E4DD5340-6986-447A-BD19-CECF9C6F8494}.Debug|Any CPU.ActiveCfg = Debug|Any CPU
		{E4DD5340-6986-447A-BD19-CECF9C6F8494}.Debug|Any CPU.Build.0 = Debug|Any CPU
		{E4DD5340-6986-447A-BD19-CECF9C6F8494}.Release|Any CPU.ActiveCfg = Release|Any CPU
		{E4DD5340-6986-447A-BD19-CECF9C6F8494}.Release|Any CPU.Build.0 = Release|Any CPU
	EndGlobalSection
	GlobalSection(SolutionProperties) = preSolution
		HideSolutionNode = FALSE
	EndGlobalSection
	GlobalSection(ExtensibilityGlobals) = postSolution
		SolutionGuid = {21674CD4-DFBD-40DC-A015-562A6FCE8E38}
	EndGlobalSection
EndGlobal
